
Microsoft Visual Studio Solution File, Format Version 12.00
# Visual Studio Version 16
VisualStudioVersion = 16.0.31025.194
MinimumVisualStudioVersion = 10.0.40219.1
Project("{FAE04EC0-301F-11D3-BF4B-00C04F79EFBC}") = "set.api", "set.api.csproj", "{5E0BF647-690A-44E4-889D-FCB1790E87B5}"
EndProject
Project("{FAE04EC0-301F-11D3-BF4B-00C04F79EFBC}") = "set.service", "..\set.service\set.service.csproj", "{F518F166-B81E-4DC0-8781-95202480A2CB}"
EndProject
Project("{FAE04EC0-301F-11D3-BF4B-00C04F79EFBC}") = "set.models", "..\set.models\set.models.csproj", "{C3567F85-7EB6-4765-BB0C-DA5A5EB5B054}"
EndProject
Global
	GlobalSection(SolutionConfigurationPlatforms) = preSolution
		Debug|Any CPU = Debug|Any CPU
		Release|Any CPU = Release|Any CPU
	EndGlobalSection
	GlobalSection(ProjectConfigurationPlatforms) = postSolution
		{5E0BF647-690A-44E4-889D-FCB1790E87B5}.Debug|Any CPU.ActiveCfg = Debug|Any CPU
		{5E0BF647-690A-44E4-889D-FCB1790E87B5}.Debug|Any CPU.Build.0 = Debug|Any CPU
		{5E0BF647-690A-44E4-889D-FCB1790E87B5}.Release|Any CPU.ActiveCfg = Release|Any CPU
		{5E0BF647-690A-44E4-889D-FCB1790E87B5}.Release|Any CPU.Build.0 = Release|Any CPU
		{F518F166-B81E-4DC0-8781-95202480A2CB}.Debug|Any CPU.ActiveCfg = Debug|Any CPU
		{F518F166-B81E-4DC0-8781-95202480A2CB}.Debug|Any CPU.Build.0 = Debug|Any CPU
		{F518F166-B81E-4DC0-8781-95202480A2CB}.Release|Any CPU.ActiveCfg = Release|Any CPU
		{F518F166-B81E-4DC0-8781-95202480A2CB}.Release|Any CPU.Build.0 = Release|Any CPU
		{C3567F85-7EB6-4765-BB0C-DA5A5EB5B054}.Debug|Any CPU.ActiveCfg = Debug|Any CPU
		{C3567F85-7EB6-4765-BB0C-DA5A5EB5B054}.Debug|Any CPU.Build.0 = Debug|Any CPU
		{C3567F85-7EB6-4765-BB0C-DA5A5EB5B054}.Release|Any CPU.ActiveCfg = Release|Any CPU
		{C3567F85-7EB6-4765-BB0C-DA5A5EB5B054}.Release|Any CPU.Build.0 = Release|Any CPU
	EndGlobalSection
	GlobalSection(SolutionProperties) = preSolution
		HideSolutionNode = FALSE
	EndGlobalSection
	GlobalSection(ExtensibilityGlobals) = postSolution
		SolutionGuid = {8689F3C9-9A60-48F8-A1B7-4C30B5F7135E}
	EndGlobalSection
EndGlobal
